
Microsoft Visual Studio Solution File, Format Version 12.00
# Visual Studio Version 16
VisualStudioVersion = 16.0.29728.190
MinimumVisualStudioVersion = 10.0.40219.1
Project("{FAE04EC0-301F-11D3-BF4B-00C04F79EFBC}") = "InteractWithInputSource", "InteractWithInputSource.csproj", "{9CAC4482-A36C-430D-BD65-8617BCED4840}"
EndProject
Global
	GlobalSection(SolutionConfigurationPlatforms) = preSolution
		Debug|Any CPU = Debug|Any CPU
		Release|Any CPU = Release|Any CPU
	EndGlobalSection
	GlobalSection(ProjectConfigurationPlatforms) = postSolution
		{9CAC4482-A36C-430D-BD65-8617BCED4840}.Debug|Any CPU.ActiveCfg = Debug|Any CPU
		{9CAC4482-A36C-430D-BD65-8617BCED4840}.Debug|Any CPU.Build.0 = Debug|Any CPU
		{9CAC4482-A36C-430D-BD65-8617BCED4840}.Release|Any CPU.ActiveCfg = Release|Any CPU
		{9CAC4482-A36C-430D-BD65-8617BCED4840}.Release|Any CPU.Build.0 = Release|Any CPU
	EndGlobalSection
	GlobalSection(SolutionProperties) = preSolution
		HideSolutionNode = FALSE
	EndGlobalSection
	GlobalSection(ExtensibilityGlobals) = postSolution
		SolutionGuid = {63A1B45C-57C7-4808-9CD8-2C5EDC557050}
	EndGlobalSection
EndGlobal
